
Microsoft Visual Studio Solution File, Format Version 12.00
# Visual Studio Version 16
VisualStudioVersion = 16.0.29209.62
MinimumVisualStudioVersion = 10.0.40219.1
Project("{FAE04EC0-301F-11D3-BF4B-00C04F79EFBC}") = "WebApp", "WebApp\WebApp.csproj", "{11295512-16B1-47EA-ACD7-5FB4D233231C}"
EndProject
Global
	GlobalSection(SolutionConfigurationPlatforms) = preSolution
		Debug|Any CPU = Debug|Any CPU
		Release|Any CPU = Release|Any CPU
	EndGlobalSection
	GlobalSection(ProjectConfigurationPlatforms) = postSolution
		{11295512-16B1-47EA-ACD7-5FB4D233231C}.Debug|Any CPU.ActiveCfg = Debug|Any CPU
		{11295512-16B1-47EA-ACD7-5FB4D233231C}.Debug|Any CPU.Build.0 = Debug|Any CPU
		{11295512-16B1-47EA-ACD7-5FB4D233231C}.Release|Any CPU.ActiveCfg = Release|Any CPU
		{11295512-16B1-47EA-ACD7-5FB4D233231C}.Release|Any CPU.Build.0 = Release|Any CPU
	EndGlobalSection
	GlobalSection(SolutionProperties) = preSolution
		HideSolutionNode = FALSE
	EndGlobalSection
	GlobalSection(ExtensibilityGlobals) = postSolution
		SolutionGuid = {9E1EA13B-F15F-4D13-A95A-70CC8C2EA6C1}
	EndGlobalSection
EndGlobal
